
Microsoft Visual Studio Solution File, Format Version 12.00
# Visual Studio Version 16
VisualStudioVersion = 16.0.31605.320
MinimumVisualStudioVersion = 10.0.40219.1
Project("{8BC9CEB8-8B4A-11D0-8D11-00A0C91BC942}") = "SK-Lib-setjmp.h-longjmp-Bagian2__C", "SK-Lib-setjmp.h-longjmp-Bagian2__C\SK-Lib-setjmp.h-longjmp-Bagian2__C.vcxproj", "{3FF5303B-278A-44EB-8EAD-311E97531925}"
EndProject
Global
	GlobalSection(SolutionConfigurationPlatforms) = preSolution
		Debug|x64 = Debug|x64
		Debug|x86 = Debug|x86
		Release|x64 = Release|x64
		Release|x86 = Release|x86
	EndGlobalSection
	GlobalSection(ProjectConfigurationPlatforms) = postSolution
		{3FF5303B-278A-44EB-8EAD-311E97531925}.Debug|x64.ActiveCfg = Debug|x64
		{3FF5303B-278A-44EB-8EAD-311E97531925}.Debug|x64.Build.0 = Debug|x64
		{3FF5303B-278A-44EB-8EAD-311E97531925}.Debug|x86.ActiveCfg = Debug|Win32
		{3FF5303B-278A-44EB-8EAD-311E97531925}.Debug|x86.Build.0 = Debug|Win32
		{3FF5303B-278A-44EB-8EAD-311E97531925}.Release|x64.ActiveCfg = Release|x64
		{3FF5303B-278A-44EB-8EAD-311E97531925}.Release|x64.Build.0 = Release|x64
		{3FF5303B-278A-44EB-8EAD-311E97531925}.Release|x86.ActiveCfg = Release|Win32
		{3FF5303B-278A-44EB-8EAD-311E97531925}.Release|x86.Build.0 = Release|Win32
	EndGlobalSection
	GlobalSection(SolutionProperties) = preSolution
		HideSolutionNode = FALSE
	EndGlobalSection
	GlobalSection(ExtensibilityGlobals) = postSolution
		SolutionGuid = {34C141EB-3E65-4C47-B06D-77BDACCF765B}
	EndGlobalSection
EndGlobal
